github.com/hugomods/icons v0.6.1 h1:+M3QQUM2jHLTe7uxWGhRHfKGBNRi3HRfAGcmpGGe49U=
github.com/hugomods/icons v0.6.1/go.mod h1:cIkSvK6W0q6N4U6n9KGz+QfRWQXAW0INd+1P31gPNGg=
github.com/hugomods/search v0.8.6 h1:7vSSMjIfIail0iijo9SqiW4O4yBsrqcaOLZgxzrYNLc=
github.com/hugomods/search v0.8.6/go.mod h1:FURp5HBUm8JiuJajLk9sZ1Z1QUSJATboYEp1sFi46a4=
github.com/krisk/Fuse v7.0.0+incompatible h1:jVyg6No+Joc51Rn97QQYJZIpCxzd4ywACn/4+FKWjvo=
github.com/krisk/Fuse v7.0.0+incompatible/go.mod h1:3moWv8rDjwoKic9nwiPLgZjldkbdTAbtzJHCu/Vsj4A=
github.com/twbs/icons v1.11.3 h1:XhvrQ1XDom9ggBbQx3wQCFGEr8qAQwQP/dAcw8OXMtA=
github.com/twbs/icons v1.11.3/go.mod h1:GnRlymgVWp5iVJCMa0Me5b6tFyGpVc2bSxPMRGIJmyA=
